<?xml version="1.0" encoding="utf-8"?>
<Project ToolsVersion="15.0" xmlns="http://schemas.microsoft.com/developer/msbuild/2003">
  <ItemGroup>
    <ClCompile Include="C:\Users\icYFTL\source\repos\SManager\SManager\source\Console.cpp">
      <Filter>Source Files</Filter>
    </ClCompile>
    <ClCompile Include="C:\Users\icYFTL\source\repos\SManager\SManager\source\Menu.cpp">
      <Filter>Source Files</Filter>
    </ClCompile>
    <ClCompile Include="C:\Users\icYFTL\source\repos\SManager\SManager\source\Sorts.cpp">
      <Filter>Source Files</Filter>
    </ClCompile>
    <ClCompile Include="C:\Users\icYFTL\source\repos\SManager\SManager\SManager.cpp">
      <Filter>Source Files</Filter>
    </ClCompile>
  </ItemGroup>
  <ItemGroup>
    <CustomBuild Include="C:\Users\icYFTL\source\repos\SManager\SManager\CMakeLists.txt" />
  </ItemGroup>
  <ItemGroup>
    <Filter Include="Source Files">
      <UniqueIdentifier>{C7C6F4A9-09A9-3A1D-B8CB-5DF8AD690FF0}</UniqueIdentifier>
    </Filter>
  </ItemGroup>
</Project>
